
Microsoft Visual Studio Solution File, Format Version 12.00
# Visual Studio Version 17
VisualStudioVersion = 17.10.35004.147
MinimumVisualStudioVersion = 10.0.40219.1
Project("{FAE04EC0-301F-11D3-BF4B-00C04F79EFBC}") = "Yamb", "Yamb\Yamb.csproj", "{061BFA17-AEA7-41B0-B77F-01431033B7B2}"
EndProject
Global
	GlobalSection(SolutionConfigurationPlatforms) = preSolution
		Debug|Any CPU = Debug|Any CPU
		Release|Any CPU = Release|Any CPU
	EndGlobalSection
	GlobalSection(ProjectConfigurationPlatforms) = postSolution
		{061BFA17-AEA7-41B0-B77F-01431033B7B2}.Debug|Any CPU.ActiveCfg = Debug|Any CPU
		{061BFA17-AEA7-41B0-B77F-01431033B7B2}.Debug|Any CPU.Build.0 = Debug|Any CPU
		{061BFA17-AEA7-41B0-B77F-01431033B7B2}.Release|Any CPU.ActiveCfg = Release|Any CPU
		{061BFA17-AEA7-41B0-B77F-01431033B7B2}.Release|Any CPU.Build.0 = Release|Any CPU
	EndGlobalSection
	GlobalSection(SolutionProperties) = preSolution
		HideSolutionNode = FALSE
	EndGlobalSection
	GlobalSection(ExtensibilityGlobals) = postSolution
		SolutionGuid = {6932CC40-BB9B-4680-B10F-BFE9020DED46}
	EndGlobalSection
EndGlobal
